// !$*UTF8*$!
{
	archiveVersion = 1;
	classes = {
	};
	objectVersion = 46;
	objects = {

/* Begin PBXBuildFile section */
		33DB5EBB1B882D5700751B61 /* main.cpp in Sources */ = {isa = PBXBuildFile; fileRef = 33DB5EBA1B882D5700751B61 /* main.cpp */; };
		33DB5EC31B882DAD00751B61 /* Shape.cpp in Sources */ = {isa = PBXBuildFile; fileRef = 33DB5EC11B882DAD00751B61 /* Shape.cpp */; };
		33DB5ECF1B88A54400751B61 /* Circle.cpp in Sources */ = {isa = PBXBuildFile; fileRef = 33DB5ECE1B88A54400751B61 /* Circle.cpp */; };
		33DB5ED21B88A56000751B61 /* Rectangle.cpp in Sources */ = {isa = PBXBuildFile; fileRef = 33DB5ED11B88A56000751B61 /* Rectangle.cpp */; };
		33DB5ED41B88A56700751B61 /* Point.cpp in Sources */ = {isa = PBXBuildFile; fileRef = 33DB5ED31B88A56700751B61 /* Point.cpp */; };
/* End PBXBuildFile section */

/* Begin PBXCopyFilesBuildPhase section */
		33DB5EB51B882D5700751B61 /* CopyFiles */ = {
			isa = PBXCopyFilesBuildPhase;
			buildActionMask = 2147483647;
			dstPath = /usr/share/man/man1/;
			dstSubfolderSpec = 0;
			files = (
			);
			runOnlyForDeploymentPostprocessing = 1;
		};
/* End PBXCopyFilesBuildPhase section */

/* Begin PBXFileReference section */
		33DB5EB71B882D5700751B61 /* HomeworkPolymorphism */ = {isa = PBXFileReference; explicitFileType = "compiled.mach-o.executable"; includeInIndex = 0; path = HomeworkPolymorphism; sourceTree = BUILT_PRODUCTS_DIR; };
		33DB5EBA1B882D5700751B61 /* main.cpp */ = {isa = PBXFileReference; lastKnownFileType = sourcecode.cpp.cpp; path = main.cpp; sourceTree = "<group>"; };
		33DB5EC11B882DAD00751B61 /* Shape.cpp */ = {isa = PBXFileReference; fileEncoding = 4; lastKnownFileType = sourcecode.cpp.cpp; path = Shape.cpp; sourceTree = "<group>"; };
		33DB5EC21B882DAD00751B61 /* Shape.h */ = {isa = PBXFileReference; fileEncoding = 4; lastKnownFileType = sourcecode.c.h; path = Shape.h; sourceTree = "<group>"; };
		33DB5ECD1B88A53400751B61 /* Rectangle.h */ = {isa = PBXFileReference; fileEncoding = 4; lastKnownFileType = sourcecode.c.h; path = Rectangle.h; sourceTree = "<group>"; };
		33DB5ECE1B88A54400751B61 /* Circle.cpp */ = {isa = PBXFileReference; fileEncoding = 4; lastKnownFileType = sourcecode.cpp.cpp; path = Circle.cpp; sourceTree = "<group>"; };
		33DB5ED01B88A55000751B61 /* Circle.h */ = {isa = PBXFileReference; fileEncoding = 4; lastKnownFileType = sourcecode.c.h; path = Circle.h; sourceTree = "<group>"; };
		33DB5ED11B88A56000751B61 /* Rectangle.cpp */ = {isa = PBXFileReference; fileEncoding = 4; lastKnownFileType = sourcecode.cpp.cpp; path = Rectangle.cpp; sourceTree = "<group>"; };
		33DB5ED31B88A56700751B61 /* Point.cpp */ = {isa = PBXFileReference; fileEncoding = 4; lastKnownFileType = sourcecode.cpp.cpp; path = Point.cpp; sourceTree = "<group>"; };
		33DB5ED51B88A56D00751B61 /* Point.h */ = {isa = PBXFileReference; fileEncoding = 4; lastKnownFileType = sourcecode.c.h; path = Point.h; sourceTree = "<group>"; };
/* End PBXFileReference section */

/* Begin PBXFrameworksBuildPhase section */
		33DB5EB41B882D5700751B61 /* Frameworks */ = {
			isa = PBXFrameworksBuildPhase;
			buildActionMask = 2147483647;
			files = (
			);
			runOnlyForDeploymentPostprocessing = 0;
		};
/* End PBXFrameworksBuildPhase section */

/* Begin PBXGroup section */
		33DB5EAE1B882D5700751B61 = {
			isa = PBXGroup;
			children = (
				33DB5EB91B882D5700751B61 /* HomeworkPolymorphism */,
				33DB5EB81B882D5700751B61 /* Products */,
			);
			sourceTree = "<group>";
		};
		33DB5EB81B882D5700751B61 /* Products */ = {
			isa = PBXGroup;
			children = (
				33DB5EB71B882D5700751B61 /* HomeworkPolymorphism */,
			);
			name = Products;
			sourceTree = "<group>";
		};
		33DB5EB91B882D5700751B61 /* HomeworkPolymorphism */ = {
			isa = PBXGroup;
			children = (
				33DB5ED51B88A56D00751B61 /* Point.h */,
				33DB5ED31B88A56700751B61 /* Point.cpp */,
				33DB5ED11B88A56000751B61 /* Rectangle.cpp */,
				33DB5ED01B88A55000751B61 /* Circle.h */,
				33DB5ECE1B88A54400751B61 /* Circle.cpp */,
				33DB5ECD1B88A53400751B61 /* Rectangle.h */,
				33DB5EC11B882DAD00751B61 /* Shape.cpp */,
				33DB5EC21B882DAD00751B61 /* Shape.h */,
				33DB5EBA1B882D5700751B61 /* main.cpp */,
			);
			path = HomeworkPolymorphism;
			sourceTree = "<group>";
		};
/* End PBXGroup section */

/* Begin PBXNativeTarget section */
		33DB5EB61B882D5700751B61 /* HomeworkPolymorphism */ = {
			isa = PBXNativeTarget;
			buildConfigurationList = 33DB5EBE1B882D5700751B61 /* Build configuration list for PBXNativeTarget "HomeworkPolymorphism" */;
			buildPhases = (
				33DB5EB31B882D5700751B61 /* Sources */,
				33DB5EB41B882D5700751B61 /* Frameworks */,
				33DB5EB51B882D5700751B61 /* CopyFiles */,
			);
			buildRules = (
			);
			dependencies = (
			);
			name = HomeworkPolymorphism;
			productName = HomeworkPolymorphism;
			productReference = 33DB5EB71B882D5700751B61 /* HomeworkPolymorphism */;
			productType = "com.apple.product-type.tool";
		};
/* End PBXNativeTarget section */

/* Begin PBXProject section */
		33DB5EAF1B882D5700751B61 /* Project object */ = {
			isa = PBXProject;
			attributes = {
				LastUpgradeCheck = 0640;
				ORGANIZATIONNAME = Yvan;
				TargetAttributes = {
					33DB5EB61B882D5700751B61 = {
						CreatedOnToolsVersion = 6.4;
					};
				};
			};
			buildConfigurationList = 33DB5EB21B882D5700751B61 /* Build configuration list for PBXProject "HomeworkPolymorphism" */;
			compatibilityVersion = "Xcode 3.2";
			developmentRegion = English;
			hasScannedForEncodings = 0;
			knownRegions = (
				en,
			);
			mainGroup = 33DB5EAE1B882D5700751B61;
			productRefGroup = 33DB5EB81B882D5700751B61 /* Products */;
			projectDirPath = "";
			projectRoot = "";
			targets = (
				33DB5EB61B882D5700751B61 /* HomeworkPolymorphism */,
			);
		};
/* End PBXProject section */

/* Begin PBXSourcesBuildPhase section */
		33DB5EB31B882D5700751B61 /* Sources */ = {
			isa = PBXSourcesBuildPhase;
			buildActionMask = 2147483647;
			files = (
				33DB5ECF1B88A54400751B61 /* Circle.cpp in Sources */,
				33DB5EBB1B882D5700751B61 /* main.cpp in Sources */,
				33DB5ED41B88A56700751B61 /* Point.cpp in Sources */,
				33DB5EC31B882DAD00751B61 /* Shape.cpp in Sources */,
				33DB5ED21B88A56000751B61 /* Rectangle.cpp in Sources */,
			);
			runOnlyForDeploymentPostprocessing = 0;
		};
/* End PBXSourcesBuildPhase section */

/* Begin XCBuildConfiguration section */
		33DB5EBC1B882D5700751B61 /* Debug */ = {
			isa = XCBuildConfiguration;
			buildSettings = {
				ALWAYS_SEARCH_USER_PATHS = NO;
				CLANG_CXX_LANGUAGE_STANDARD = "gnu++0x";
				CLANG_CXX_LIBRARY = "libc++";
				CLANG_ENABLE_MODULES = YES;
				CLANG_ENABLE_OBJC_ARC = YES;
				CLANG_WARN_BOOL_CONVERSION = YES;
				CLANG_WARN_CONSTANT_CONVERSION = YES;
				CLANG_WARN_DIRECT_OBJC_ISA_USAGE = YES_ERROR;
				CLANG_WARN_EMPTY_BODY = YES;
				CLANG_WARN_ENUM_CONVERSION = YES;
				CLANG_WARN_INT_CONVERSION = YES;
				CLANG_WARN_OBJC_ROOT_CLASS = YES_ERROR;
				CLANG_WARN_UNREACHABLE_CODE = YES;
				CLANG_WARN__DUPLICATE_METHOD_MATCH = YES;
				COPY_PHASE_STRIP = NO;
				DEBUG_INFORMATION_FORMAT = dwarf;
				ENABLE_STRICT_OBJC_MSGSEND = YES;
				GCC_C_LANGUAGE_STANDARD = gnu99;
				GCC_DYNAMIC_NO_PIC = NO;
				GCC_NO_COMMON_BLOCKS = YES;
				GCC_OPTIMIZATION_LEVEL = 0;
				GCC_PREPROCESSOR_DEFINITIONS = (
					"DEBUG=1",
					"$(inherited)",
				);
				GCC_SYMBOLS_PRIVATE_EXTERN = NO;
				GCC_WARN_64_TO_32_BIT_CONVERSION = YES;
				GCC_WARN_ABOUT_RETURN_TYPE = YES_ERROR;
				GCC_WARN_UNDECLARED_SELECTOR = YES;
				GCC_WARN_UNINITIALIZED_AUTOS = YES_AGGRESSIVE;
				GCC_WARN_UNUSED_FUNCTION = YES;
				GCC_WARN_UNUSED_VARIABLE = YES;
				MACOSX_DEPLOYMENT_TARGET = 10.10;
				MTL_ENABLE_DEBUG_INFO = YES;
				ONLY_ACTIVE_ARCH = YES;
				SDKROOT = macosx;
			};
			name = Debug;
		};
		33DB5EBD1B882D5700751B61 /* Release */ = {
			isa = XCBuildConfiguration;
			buildSettings = {
				ALWAYS_SEARCH_USER_PATHS = NO;
				CLANG_CXX_LANGUAGE_STANDARD = "gnu++0x";
				CLANG_CXX_LIBRARY = "libc++";
				CLANG_ENABLE_MODULES = YES;
				CLANG_ENABLE_OBJC_ARC = YES;
				CLANG_WARN_BOOL_CONVERSION = YES;
				CLANG_WARN_CONSTANT_CONVERSION = YES;
				CLANG_WARN_DIRECT_OBJC_ISA_USAGE = YES_ERROR;
				CLANG_WARN_EMPTY_BODY = YES;
				CLANG_WARN_ENUM_CONVERSION = YES;
				CLANG_WARN_INT_CONVERSION = YES;
				CLANG_WARN_OBJC_ROOT_CLASS = YES_ERROR;
				CLANG_WARN_UNREACHABLE_CODE = YES;
				CLANG_WARN__DUPLICATE_METHOD_MATCH = YES;
				COPY_PHASE_STRIP = NO;
				DEBUG_INFORMATION_FORMAT = "dwarf-with-dsym";
				ENABLE_NS_ASSERTIONS = NO;
				ENABLE_STRICT_OBJC_MSGSEND = YES;
				GCC_C_LANGUAGE_STANDARD = gnu99;
				GCC_NO_COMMON_BLOCKS = YES;
				GCC_WARN_64_TO_32_BIT_CONVERSION = YES;
				GCC_WARN_ABOUT_RETURN_TYPE = YES_ERROR;
				GCC_WARN_UNDECLARED_SELECTOR = YES;
				GCC_WARN_UNINITIALIZED_AUTOS = YES_AGGRESSIVE;
				GCC_WARN_UNUSED_FUNCTION = YES;
				GCC_WARN_UNUSED_VARIABLE = YES;
				MACOSX_DEPLOYMENT_TARGET = 10.10;
				MTL_ENABLE_DEBUG_INFO = NO;
				SDKROOT = macosx;
			};
			name = Release;
		};
		33DB5EBF1B882D5700751B61 /* Debug */ = {
			isa = XCBuildConfiguration;
			buildSettings = {
				PRODUCT_NAME = "$(TARGET_NAME)";
			};
			name = Debug;
		};
		33DB5EC01B882D5700751B61 /* Release */ = {
			isa = XCBuildConfiguration;
			buildSettings = {
				PRODUCT_NAME = "$(TARGET_NAME)";
			};
			name = Release;
		};
/* End XCBuildConfiguration section */

/* Begin XCConfigurationList section */
		33DB5EB21B882D5700751B61 /* Build configuration list for PBXProject "HomeworkPolymorphism" */ = {
			isa = XCConfigurationList;
			buildConfigurations = (
				33DB5EBC1B882D5700751B61 /* Debug */,
				33DB5EBD1B882D5700751B61 /* Release */,
			);
			defaultConfigurationIsVisible = 0;
			defaultConfigurationName = Release;
		};
		33DB5EBE1B882D5700751B61 /* Build configuration list for PBXNativeTarget "HomeworkPolymorphism" */ = {
			isa = XCConfigurationList;
			buildConfigurations = (
				33DB5EBF1B882D5700751B61 /* Debug */,
				33DB5EC01B882D5700751B61 /* Release */,
			);
			defaultConfigurationIsVisible = 0;
		};
/* End XCConfigurationList section */
	};
	rootObject = 33DB5EAF1B882D5700751B61 /* Project object */;
}
